Microsoft Visual Studio Solution File, Format Version 12.00
# Visual Studio Version 17
VisualStudioVersion = 17.5.2.0
MinimumVisualStudioVersion = 10.0.40219.1
Project("{FAE04EC0-301F-11D3-BF4B-00C04F79EFBC}") = "Week3CodeExample", "Week3CodeExample.csproj", "{F409D4CE-F967-1696-FB7A-3576D0E688B5}"
EndProject
Global
	GlobalSection(SolutionConfigurationPlatforms) = preSolution
		Debug|Any CPU = Debug|Any CPU
		Release|Any CPU = Release|Any CPU
	EndGlobalSection
	GlobalSection(ProjectConfigurationPlatforms) = postSolution
		{F409D4CE-F967-1696-FB7A-3576D0E688B5}.Debug|Any CPU.ActiveCfg = Debug|Any CPU
		{F409D4CE-F967-1696-FB7A-3576D0E688B5}.Debug|Any CPU.Build.0 = Debug|Any CPU
		{F409D4CE-F967-1696-FB7A-3576D0E688B5}.Release|Any CPU.ActiveCfg = Release|Any CPU
		{F409D4CE-F967-1696-FB7A-3576D0E688B5}.Release|Any CPU.Build.0 = Release|Any CPU
	EndGlobalSection
	GlobalSection(SolutionProperties) = preSolution
		HideSolutionNode = FALSE
	EndGlobalSection
	GlobalSection(ExtensibilityGlobals) = postSolution
		SolutionGuid = {705194A2-56D0-40E9-9A9D-AB84F2032063}
	EndGlobalSection
EndGlobal
